version: 1
generated_at: 2026-06-11T15:37:26Z
internal: []
trusted:
  - action: actions/checkout
    refs:
      - 34e114876b0b11c390a56381ad16ebd13914f8d5
    occurrences:
      34e114876b0b11c390a56381ad16ebd13914f8d5:
        .github/workflows/ci.yml:
          - jobs.check.steps.[0].uses
          - jobs.clippy.steps.[0].uses
          - jobs.fmt.steps.[0].uses
          - jobs.test.steps.[0].uses
          - jobs.build.steps.[0].uses
          - jobs.check-version.steps.[0].uses
          - jobs.release.steps.[0].uses
        .github/workflows/sync-upstream.yml:
          - jobs.sync.steps.[0].uses
  - action: actions/download-artifact
    refs:
      - d3f86a106a0bac45b974a628896c90dbdf5c8093
    occurrences:
      d3f86a106a0bac45b974a628896c90dbdf5c8093:
        .github/workflows/ci.yml:
          - jobs.release.steps.[1].uses
  - action: actions/upload-artifact
    refs:
      - ea165f8d65b6e75b540449e92b4886f43607fa02
    occurrences:
      ea165f8d65b6e75b540449e92b4886f43607fa02:
        .github/workflows/ci.yml:
          - jobs.build.steps.[7].uses
external:
  - action: dtolnay/rust-toolchain
    refs:
      - 29eef336d9b2848a0b548edc03f92a220660cdb8
    occurrences:
      29eef336d9b2848a0b548edc03f92a220660cdb8:
        .github/workflows/ci.yml:
          - jobs.check.steps.[1].uses
          - jobs.clippy.steps.[1].uses
          - jobs.fmt.steps.[1].uses
          - jobs.test.steps.[1].uses
          - jobs.build.steps.[1].uses
  - action: softprops/action-gh-release
    refs:
      - 3bb12739c298aeb8a4eeaf626c5b8d85266b0e65
    occurrences:
      3bb12739c298aeb8a4eeaf626c5b8d85266b0e65:
        .github/workflows/ci.yml:
          - jobs.release.steps.[3].uses
  - action: Swatinem/rust-cache
    refs:
      - e18b497796c12c097a38f9edb9d0641fb99eee32
    occurrences:
      e18b497796c12c097a38f9edb9d0641fb99eee32:
        .github/workflows/ci.yml:
          - jobs.check.steps.[2].uses
          - jobs.clippy.steps.[2].uses
          - jobs.test.steps.[2].uses
          - jobs.build.steps.[3].uses
local: []
docker: []
dynamic: []
